
Microsoft Visual Studio Solution File, Format Version 12.00
# Visual Studio Version 17
VisualStudioVersion = 17.5.002.0
MinimumVisualStudioVersion = 10.0.40219.1
Project("{9A19103F-16F7-4668-BE54-9A1E7A4F7556}") = "Moedas", "Moedas.csproj", "{C96432F4-E55D-4C32-A3E2-A3ED3B68ADF6}"
EndProject
Global
	GlobalSection(SolutionConfigurationPlatforms) = preSolution
		Debug|Any CPU = Debug|Any CPU
		Release|Any CPU = Release|Any CPU
	EndGlobalSection
	GlobalSection(ProjectConfigurationPlatforms) = postSolution
		{C96432F4-E55D-4C32-A3E2-A3ED3B68ADF6}.Debug|Any CPU.ActiveCfg = Debug|Any CPU
		{C96432F4-E55D-4C32-A3E2-A3ED3B68ADF6}.Debug|Any CPU.Build.0 = Debug|Any CPU
		{C96432F4-E55D-4C32-A3E2-A3ED3B68ADF6}.Release|Any CPU.ActiveCfg = Release|Any CPU
		{C96432F4-E55D-4C32-A3E2-A3ED3B68ADF6}.Release|Any CPU.Build.0 = Release|Any CPU
	EndGlobalSection
	GlobalSection(SolutionProperties) = preSolution
		HideSolutionNode = FALSE
	EndGlobalSection
	GlobalSection(ExtensibilityGlobals) = postSolution
		SolutionGuid = {756C79EB-CF97-40B0-9552-C8735E344BB7}
	EndGlobalSection
EndGlobal
