
Microsoft Visual Studio Solution File, Format Version 12.00
# Visual Studio Version 17
VisualStudioVersion = 17.5.002.0
MinimumVisualStudioVersion = 10.0.40219.1
Project("{9A19103F-16F7-4668-BE54-9A1E7A4F7556}") = "EditorHtml", "EditorHtml.csproj", "{7B25C328-6C0A-4B87-B971-DE0EBCF10875}"
EndProject
Global
	GlobalSection(SolutionConfigurationPlatforms) = preSolution
		Debug|Any CPU = Debug|Any CPU
		Release|Any CPU = Release|Any CPU
	EndGlobalSection
	GlobalSection(ProjectConfigurationPlatforms) = postSolution
		{7B25C328-6C0A-4B87-B971-DE0EBCF10875}.Debug|Any CPU.ActiveCfg = Debug|Any CPU
		{7B25C328-6C0A-4B87-B971-DE0EBCF10875}.Debug|Any CPU.Build.0 = Debug|Any CPU
		{7B25C328-6C0A-4B87-B971-DE0EBCF10875}.Release|Any CPU.ActiveCfg = Release|Any CPU
		{7B25C328-6C0A-4B87-B971-DE0EBCF10875}.Release|Any CPU.Build.0 = Release|Any CPU
	EndGlobalSection
	GlobalSection(SolutionProperties) = preSolution
		HideSolutionNode = FALSE
	EndGlobalSection
	GlobalSection(ExtensibilityGlobals) = postSolution
		SolutionGuid = {612665CC-AF55-4866-80A4-3CB8D227F244}
	EndGlobalSection
EndGlobal
